
Microsoft Visual Studio Solution File, Format Version 12.00
# Visual Studio Version 17
VisualStudioVersion = 17.5.2.0
MinimumVisualStudioVersion = 10.0.40219.1
Project("{FAE04EC0-301F-11D3-BF4B-00C04F79EFBC}") = "AlternateRealityDungeon", "AlternateRealityDungeon.csproj", "{C434150E-2BA4-C9F6-61BE-BBE019C3A1E7}"
EndProject
Project("{FAE04EC0-301F-11D3-BF4B-00C04F79EFBC}") = "AlternateRealityDungeon.Tests", "AlternateRealityDungeon.Tests\AlternateRealityDungeon.Tests.csproj", "{5F47DDB3-3C2A-467E-893F-1CE2601D8F8E}"
EndProject
Global
	GlobalSection(SolutionConfigurationPlatforms) = preSolution
		Debug|Any CPU = Debug|Any CPU
		Debug|x64 = Debug|x64
		Debug|x86 = Debug|x86
		Release|Any CPU = Release|Any CPU
		Release|x64 = Release|x64
		Release|x86 = Release|x86
	EndGlobalSection
	GlobalSection(ProjectConfigurationPlatforms) = postSolution
		{C434150E-2BA4-C9F6-61BE-BBE019C3A1E7}.Debug|Any CPU.ActiveCfg = Debug|Any CPU
		{C434150E-2BA4-C9F6-61BE-BBE019C3A1E7}.Debug|Any CPU.Build.0 = Debug|Any CPU
		{C434150E-2BA4-C9F6-61BE-BBE019C3A1E7}.Debug|x64.ActiveCfg = Debug|Any CPU
		{C434150E-2BA4-C9F6-61BE-BBE019C3A1E7}.Debug|x64.Build.0 = Debug|Any CPU
		{C434150E-2BA4-C9F6-61BE-BBE019C3A1E7}.Debug|x86.ActiveCfg = Debug|Any CPU
		{C434150E-2BA4-C9F6-61BE-BBE019C3A1E7}.Debug|x86.Build.0 = Debug|Any CPU
		{C434150E-2BA4-C9F6-61BE-BBE019C3A1E7}.Release|Any CPU.ActiveCfg = Release|Any CPU
		{C434150E-2BA4-C9F6-61BE-BBE019C3A1E7}.Release|Any CPU.Build.0 = Release|Any CPU
		{C434150E-2BA4-C9F6-61BE-BBE019C3A1E7}.Release|x64.ActiveCfg = Release|Any CPU
		{C434150E-2BA4-C9F6-61BE-BBE019C3A1E7}.Release|x64.Build.0 = Release|Any CPU
		{C434150E-2BA4-C9F6-61BE-BBE019C3A1E7}.Release|x86.ActiveCfg = Release|Any CPU
		{C434150E-2BA4-C9F6-61BE-BBE019C3A1E7}.Release|x86.Build.0 = Release|Any CPU
		{5F47DDB3-3C2A-467E-893F-1CE2601D8F8E}.Debug|Any CPU.ActiveCfg = Debug|Any CPU
		{5F47DDB3-3C2A-467E-893F-1CE2601D8F8E}.Debug|Any CPU.Build.0 = Debug|Any CPU
		{5F47DDB3-3C2A-467E-893F-1CE2601D8F8E}.Debug|x64.ActiveCfg = Debug|Any CPU
		{5F47DDB3-3C2A-467E-893F-1CE2601D8F8E}.Debug|x64.Build.0 = Debug|Any CPU
		{5F47DDB3-3C2A-467E-893F-1CE2601D8F8E}.Debug|x86.ActiveCfg = Debug|Any CPU
		{5F47DDB3-3C2A-467E-893F-1CE2601D8F8E}.Debug|x86.Build.0 = Debug|Any CPU
		{5F47DDB3-3C2A-467E-893F-1CE2601D8F8E}.Release|Any CPU.ActiveCfg = Release|Any CPU
		{5F47DDB3-3C2A-467E-893F-1CE2601D8F8E}.Release|Any CPU.Build.0 = Release|Any CPU
		{5F47DDB3-3C2A-467E-893F-1CE2601D8F8E}.Release|x64.ActiveCfg = Release|Any CPU
		{5F47DDB3-3C2A-467E-893F-1CE2601D8F8E}.Release|x64.Build.0 = Release|Any CPU
		{5F47DDB3-3C2A-467E-893F-1CE2601D8F8E}.Release|x86.ActiveCfg = Release|Any CPU
		{5F47DDB3-3C2A-467E-893F-1CE2601D8F8E}.Release|x86.Build.0 = Release|Any CPU
	EndGlobalSection
	GlobalSection(SolutionProperties) = preSolution
		HideSolutionNode = FALSE
	EndGlobalSection
	GlobalSection(ExtensibilityGlobals) = postSolution
		SolutionGuid = {A24CDBCE-4C39-40E2-9A29-13C49E89DF5A}
	EndGlobalSection
EndGlobal
